
Microsoft Visual Studio Solution File, Format Version 12.00
# Visual Studio Version 17
VisualStudioVersion = 17.10.35027.167
MinimumVisualStudioVersion = 10.0.40219.1
Project("{FAE04EC0-301F-11D3-BF4B-00C04F79EFBC}") = "Chatbot.API", "Chatbot.API\Chatbot.API.csproj", "{80CDC9E2-C1B8-4914-9A1A-E3402D4A35BB}"
EndProject
Global
	GlobalSection(SolutionConfigurationPlatforms) = preSolution
		Debug|Any CPU = Debug|Any CPU
		Release|Any CPU = Release|Any CPU
	EndGlobalSection
	GlobalSection(ProjectConfigurationPlatforms) = postSolution
		{80CDC9E2-C1B8-4914-9A1A-E3402D4A35BB}.Debug|Any CPU.ActiveCfg = Debug|Any CPU
		{80CDC9E2-C1B8-4914-9A1A-E3402D4A35BB}.Debug|Any CPU.Build.0 = Debug|Any CPU
		{80CDC9E2-C1B8-4914-9A1A-E3402D4A35BB}.Release|Any CPU.ActiveCfg = Release|Any CPU
		{80CDC9E2-C1B8-4914-9A1A-E3402D4A35BB}.Release|Any CPU.Build.0 = Release|Any CPU
	EndGlobalSection
	GlobalSection(SolutionProperties) = preSolution
		HideSolutionNode = FALSE
	EndGlobalSection
	GlobalSection(ExtensibilityGlobals) = postSolution
		SolutionGuid = {8A1E256C-F548-44C2-8AAC-29F2C390CAA2}
	EndGlobalSection
EndGlobal
